// !$*UTF8*$!
{
	archiveVersion = 1;
	classes = {
	};
	objectVersion = 50;
	objects = {

/* Begin PBXBuildFile section */
		A0050B7A23A92E54000B7E59 /* ColorPicker.swift in Sources */ = {isa = PBXBuildFile; fileRef = A0050B7923A92E54000B7E59 /* ColorPicker.swift */; };
		A0050B7C23A9346F000B7E59 /* ColorPickerCircle.swift in Sources */ = {isa = PBXBuildFile; fileRef = A0050B7B23A9346F000B7E59 /* ColorPickerCircle.swift */; };
		A01F207323C4E50B0028180E /* TemplateHome.swift in Sources */ = {isa = PBXBuildFile; fileRef = A01F207223C4E50B0028180E /* TemplateHome.swift */; };
		A01FB8C02331CE48008062A1 /* AppDelegate.swift in Sources */ = {isa = PBXBuildFile; fileRef = A01FB8BF2331CE48008062A1 /* AppDelegate.swift */; };
		A01FB8C22331CE48008062A1 /* SceneDelegate.swift in Sources */ = {isa = PBXBuildFile; fileRef = A01FB8C12331CE48008062A1 /* SceneDelegate.swift */; };
		A01FB8C62331CE4A008062A1 /* Assets.xcassets in Resources */ = {isa = PBXBuildFile; fileRef = A01FB8C52331CE4A008062A1 /* Assets.xcassets */; };
		A01FB8C92331CE4A008062A1 /* Preview Assets.xcassets in Resources */ = {isa = PBXBuildFile; fileRef = A01FB8C82331CE4A008062A1 /* Preview Assets.xcassets */; };
		A01FB8CC2331CE4A008062A1 /* LaunchScreen.storyboard in Resources */ = {isa = PBXBuildFile; fileRef = A01FB8CA2331CE4A008062A1 /* LaunchScreen.storyboard */; };
		A024932023BE7A60009AF5EF /* AppView.swift in Sources */ = {isa = PBXBuildFile; fileRef = A024931F23BE7A60009AF5EF /* AppView.swift */; };
		A0251D9323EDF376001F5D66 /* AddTemplate.swift in Sources */ = {isa = PBXBuildFile; fileRef = A0251D9223EDF376001F5D66 /* AddTemplate.swift */; };
		A026AAF5240575AB003414AF /* AddButton.swift in Sources */ = {isa = PBXBuildFile; fileRef = A026AAF4240575AB003414AF /* AddButton.swift */; };
		A03AB4B7237EF8F900979899 /* EditTrip.swift in Sources */ = {isa = PBXBuildFile; fileRef = A03AB4B6237EF8F900979899 /* EditTrip.swift */; };
		A04D80E92342BC08004EE95F /* sampleTrips.swift in Sources */ = {isa = PBXBuildFile; fileRef = A04D80E82342BC08004EE95F /* sampleTrips.swift */; };
		A0762B7223D75BD2007A9E9D /* TemplateDetail.swift in Sources */ = {isa = PBXBuildFile; fileRef = A0762B7123D75BD2007A9E9D /* TemplateDetail.swift */; };
		A07B6C8F234798FA00578CDC /* Util.swift in Sources */ = {isa = PBXBuildFile; fileRef = A07B6C8E234798FA00578CDC /* Util.swift */; };
		A07B6C952347994D00578CDC /* Pack.swift in Sources */ = {isa = PBXBuildFile; fileRef = A07B6C912347994D00578CDC /* Pack.swift */; };
		A07B6C972347994D00578CDC /* Item.swift in Sources */ = {isa = PBXBuildFile; fileRef = A07B6C932347994D00578CDC /* Item.swift */; };
		A081AB6F23A3ECA6000F391A /* EditItem.swift in Sources */ = {isa = PBXBuildFile; fileRef = A081AB6E23A3ECA6000F391A /* EditItem.swift */; };
		A0877C5823326E140006F902 /* TripHomeRow.swift in Sources */ = {isa = PBXBuildFile; fileRef = A0877C5723326E140006F902 /* TripHomeRow.swift */; };
		A0877C5C233274360006F902 /* TripHome.swift in Sources */ = {isa = PBXBuildFile; fileRef = A0877C5B233274360006F902 /* TripHome.swift */; };
		A0A8A69B23A97BC000E3AC04 /* AddTrip.swift in Sources */ = {isa = PBXBuildFile; fileRef = A0A8A69A23A97BC000E3AC04 /* AddTrip.swift */; };
		A0B61B692343A44500D0D13C /* Trip.swift in Sources */ = {isa = PBXBuildFile; fileRef = A0B61B652343A44500D0D13C /* Trip.swift */; };
		A0BE157223E0949E000F8542 /* EditTemplate.swift in Sources */ = {isa = PBXBuildFile; fileRef = A0BE157123E0949E000F8542 /* EditTemplate.swift */; };
		A0C9210123B0191700A3493E /* TripDateSelector.swift in Sources */ = {isa = PBXBuildFile; fileRef = A0C9210023B0191700A3493E /* TripDateSelector.swift */; };
		A0E7811C233E8579007974CD /* Trips.xcdatamodeld in Sources */ = {isa = PBXBuildFile; fileRef = A0E7811A233E8579007974CD /* Trips.xcdatamodeld */; };
		A0EBA0F7233A5CDD0000837C /* TripDetail.swift in Sources */ = {isa = PBXBuildFile; fileRef = A0EBA0F6233A5CDD0000837C /* TripDetail.swift */; };
		A0EBEF49234CDF6D0099FEC2 /* AddItem.swift in Sources */ = {isa = PBXBuildFile; fileRef = A0EBEF48234CDF6D0099FEC2 /* AddItem.swift */; };
		A0EC86C423E9C7AB0081DFD5 /* IncludeTemplates.swift in Sources */ = {isa = PBXBuildFile; fileRef = A0EC86C323E9C7AB0081DFD5 /* IncludeTemplates.swift */; };
		A0F756FF237B0B9700DCBC77 /* AddPack.swift in Sources */ = {isa = PBXBuildFile; fileRef = A0F756FE237B0B9700DCBC77 /* AddPack.swift */; };
		A0FE956523C8D8FD007400BC /* PackRectangular.swift in Sources */ = {isa = PBXBuildFile; fileRef = A0FE956423C8D8FD007400BC /* PackRectangular.swift */; };
/* End PBXBuildFile section */

/* Begin PBXFileReference section */
		A0050B7923A92E54000B7E59 /* ColorPicker.swift */ = {isa = PBXFileReference; lastKnownFileType = sourcecode.swift; path = ColorPicker.swift; sourceTree = "<group>"; };
		A0050B7B23A9346F000B7E59 /* ColorPickerCircle.swift */ = {isa = PBXFileReference; lastKnownFileType = sourcecode.swift; path = ColorPickerCircle.swift; sourceTree = "<group>"; };
		A01F207223C4E50B0028180E /* TemplateHome.swift */ = {isa = PBXFileReference; lastKnownFileType = sourcecode.swift; path = TemplateHome.swift; sourceTree = "<group>"; };
		A01FB8BC2331CE48008062A1 /* Trips.app */ = {isa = PBXFileReference; explicitFileType = wrapper.application; includeInIndex = 0; path = Trips.app; sourceTree = BUILT_PRODUCTS_DIR; };
		A01FB8BF2331CE48008062A1 /* AppDelegate.swift */ = {isa = PBXFileReference; lastKnownFileType = sourcecode.swift; path = AppDelegate.swift; sourceTree = "<group>"; };
		A01FB8C12331CE48008062A1 /* SceneDelegate.swift */ = {isa = PBXFileReference; lastKnownFileType = sourcecode.swift; path = SceneDelegate.swift; sourceTree = "<group>"; };
		A01FB8C52331CE4A008062A1 /* Assets.xcassets */ = {isa = PBXFileReference; lastKnownFileType = folder.assetcatalog; path = Assets.xcassets; sourceTree = "<group>"; };
		A01FB8C82331CE4A008062A1 /* Preview Assets.xcassets */ = {isa = PBXFileReference; lastKnownFileType = folder.assetcatalog; path = "Preview Assets.xcassets"; sourceTree = "<group>"; };
		A01FB8CB2331CE4A008062A1 /* Base */ = {isa = PBXFileReference; lastKnownFileType = file.storyboard; name = Base; path = Base.lproj/LaunchScreen.storyboard; sourceTree = "<group>"; };
		A01FB8CD2331CE4A008062A1 /* Info.plist */ = {isa = PBXFileReference; lastKnownFileType = text.plist.xml; path = Info.plist; sourceTree = "<group>"; };
		A024931F23BE7A60009AF5EF /* AppView.swift */ = {isa = PBXFileReference; lastKnownFileType = sourcecode.swift; path = AppView.swift; sourceTree = "<group>"; };
		A0251D9223EDF376001F5D66 /* AddTemplate.swift */ = {isa = PBXFileReference; lastKnownFileType = sourcecode.swift; path = AddTemplate.swift; sourceTree = "<group>"; };
		A026AAF4240575AB003414AF /* AddButton.swift */ = {isa = PBXFileReference; lastKnownFileType = sourcecode.swift; path = AddButton.swift; sourceTree = "<group>"; };
		A03AB4B6237EF8F900979899 /* EditTrip.swift */ = {isa = PBXFileReference; lastKnownFileType = sourcecode.swift; path = EditTrip.swift; sourceTree = "<group>"; };
		A04D80E82342BC08004EE95F /* sampleTrips.swift */ = {isa = PBXFileReference; fileEncoding = 4; lastKnownFileType = sourcecode.swift; path = sampleTrips.swift; sourceTree = "<group>"; };
		A0762B7123D75BD2007A9E9D /* TemplateDetail.swift */ = {isa = PBXFileReference; lastKnownFileType = sourcecode.swift; path = TemplateDetail.swift; sourceTree = "<group>"; };
		A07B6C8E234798FA00578CDC /* Util.swift */ = {isa = PBXFileReference; lastKnownFileType = sourcecode.swift; path = Util.swift; sourceTree = "<group>"; };
		A07B6C912347994D00578CDC /* Pack.swift */ = {isa = PBXFileReference; lastKnownFileType = sourcecode.swift; path = Pack.swift; sourceTree = "<group>"; };
		A07B6C932347994D00578CDC /* Item.swift */ = {isa = PBXFileReference; lastKnownFileType = sourcecode.swift; path = Item.swift; sourceTree = "<group>"; };
		A081AB6E23A3ECA6000F391A /* EditItem.swift */ = {isa = PBXFileReference; lastKnownFileType = sourcecode.swift; path = EditItem.swift; sourceTree = "<group>"; };
		A0877C5723326E140006F902 /* TripHomeRow.swift */ = {isa = PBXFileReference; lastKnownFileType = sourcecode.swift; path = TripHomeRow.swift; sourceTree = "<group>"; };
		A0877C5B233274360006F902 /* TripHome.swift */ = {isa = PBXFileReference; lastKnownFileType = sourcecode.swift; path = TripHome.swift; sourceTree = "<group>"; };
		A08E15722375C7DB00DB454E /* README.md */ = {isa = PBXFileReference; lastKnownFileType = net.daringfireball.markdown; path = README.md; sourceTree = "<group>"; };
		A0A8A69A23A97BC000E3AC04 /* AddTrip.swift */ = {isa = PBXFileReference; lastKnownFileType = sourcecode.swift; path = AddTrip.swift; sourceTree = "<group>"; };
		A0B61B652343A44500D0D13C /* Trip.swift */ = {isa = PBXFileReference; lastKnownFileType = sourcecode.swift; path = Trip.swift; sourceTree = "<group>"; };
		A0BE157123E0949E000F8542 /* EditTemplate.swift */ = {isa = PBXFileReference; lastKnownFileType = sourcecode.swift; path = EditTemplate.swift; sourceTree = "<group>"; };
		A0C9210023B0191700A3493E /* TripDateSelector.swift */ = {isa = PBXFileReference; lastKnownFileType = sourcecode.swift; path = TripDateSelector.swift; sourceTree = "<group>"; };
		A0E7811B233E8579007974CD /* Trips.xcdatamodel */ = {isa = PBXFileReference; lastKnownFileType = wrapper.xcdatamodel; path = Trips.xcdatamodel; sourceTree = "<group>"; };
		A0EBA0F6233A5CDD0000837C /* TripDetail.swift */ = {isa = PBXFileReference; fileEncoding = 4; lastKnownFileType = sourcecode.swift; path = TripDetail.swift; sourceTree = "<group>"; };
		A0EBEF48234CDF6D0099FEC2 /* AddItem.swift */ = {isa = PBXFileReference; lastKnownFileType = sourcecode.swift; path = AddItem.swift; sourceTree = "<group>"; };
		A0EC86C323E9C7AB0081DFD5 /* IncludeTemplates.swift */ = {isa = PBXFileReference; lastKnownFileType = sourcecode.swift; path = IncludeTemplates.swift; sourceTree = "<group>"; };
		A0F756FE237B0B9700DCBC77 /* AddPack.swift */ = {isa = PBXFileReference; lastKnownFileType = sourcecode.swift; path = AddPack.swift; sourceTree = "<group>"; };
		A0FE956423C8D8FD007400BC /* PackRectangular.swift */ = {isa = PBXFileReference; lastKnownFileType = sourcecode.swift; path = PackRectangular.swift; sourceTree = "<group>"; };
/* End PBXFileReference section */

/* Begin PBXFrameworksBuildPhase section */
		A01FB8B92331CE48008062A1 /* Frameworks */ = {
			isa = PBXFrameworksBuildPhase;
			buildActionMask = 2147483647;
			files = (
			);
			runOnlyForDeploymentPostprocessing = 0;
		};
/* End PBXFrameworksBuildPhase section */

/* Begin PBXGroup section */
		A01FB8B32331CE48008062A1 = {
			isa = PBXGroup;
			children = (
				A08E15722375C7DB00DB454E /* README.md */,
				A01FB8BE2331CE48008062A1 /* Trips */,
				A01FB8BD2331CE48008062A1 /* Products */,
			);
			sourceTree = "<group>";
		};
		A01FB8BD2331CE48008062A1 /* Products */ = {
			isa = PBXGroup;
			children = (
				A01FB8BC2331CE48008062A1 /* Trips.app */,
			);
			name = Products;
			sourceTree = "<group>";
		};
		A01FB8BE2331CE48008062A1 /* Trips */ = {
			isa = PBXGroup;
			children = (
				A033D3E5234273010065C3A4 /* core data */,
				A0877C5623326DD20006F902 /* views */,
				A01FB8BF2331CE48008062A1 /* AppDelegate.swift */,
				A04D80E82342BC08004EE95F /* sampleTrips.swift */,
				A01FB8C12331CE48008062A1 /* SceneDelegate.swift */,
				A01FB8C52331CE4A008062A1 /* Assets.xcassets */,
				A01FB8CA2331CE4A008062A1 /* LaunchScreen.storyboard */,
				A01FB8CD2331CE4A008062A1 /* Info.plist */,
				A01FB8C72331CE4A008062A1 /* Preview Content */,
				A07B6C8E234798FA00578CDC /* Util.swift */,
			);
			path = Trips;
			sourceTree = "<group>";
		};
		A01FB8C72331CE4A008062A1 /* Preview Content */ = {
			isa = PBXGroup;
			children = (
				A01FB8C82331CE4A008062A1 /* Preview Assets.xcassets */,
			);
			path = "Preview Content";
			sourceTree = "<group>";
		};
		A033D3E5234273010065C3A4 /* core data */ = {
			isa = PBXGroup;
			children = (
				A07B6C912347994D00578CDC /* Pack.swift */,
				A07B6C932347994D00578CDC /* Item.swift */,
				A0B61B652343A44500D0D13C /* Trip.swift */,
				A0E7811A233E8579007974CD /* Trips.xcdatamodeld */,
			);
			path = "core data";
			sourceTree = "<group>";
		};
		A03AB4B5237EF8CE00979899 /* modals */ = {
			isa = PBXGroup;
			children = (
				A0EC86C323E9C7AB0081DFD5 /* IncludeTemplates.swift */,
				A0A8A69923A97B2500E3AC04 /* edit */,
				A0A8A69823A97B1100E3AC04 /* addition */,
			);
			path = modals;
			sourceTree = "<group>";
		};
		A0877C5623326DD20006F902 /* views */ = {
			isa = PBXGroup;
			children = (
				A0A8A69723A9789500E3AC04 /* components */,
				A03AB4B5237EF8CE00979899 /* modals */,
				A0EBA0F6233A5CDD0000837C /* TripDetail.swift */,
				A0877C5B233274360006F902 /* TripHome.swift */,
				A024931F23BE7A60009AF5EF /* AppView.swift */,
				A01F207223C4E50B0028180E /* TemplateHome.swift */,
				A0762B7123D75BD2007A9E9D /* TemplateDetail.swift */,
			);
			path = views;
			sourceTree = "<group>";
		};
		A0A8A69723A9789500E3AC04 /* components */ = {
			isa = PBXGroup;
			children = (
				A0877C5723326E140006F902 /* TripHomeRow.swift */,
				A0050B7923A92E54000B7E59 /* ColorPicker.swift */,
				A0050B7B23A9346F000B7E59 /* ColorPickerCircle.swift */,
				A0C9210023B0191700A3493E /* TripDateSelector.swift */,
				A0FE956423C8D8FD007400BC /* PackRectangular.swift */,
				A026AAF4240575AB003414AF /* AddButton.swift */,
			);
			path = components;
			sourceTree = "<group>";
		};
		A0A8A69823A97B1100E3AC04 /* addition */ = {
			isa = PBXGroup;
			children = (
				A0EBEF48234CDF6D0099FEC2 /* AddItem.swift */,
				A0F756FE237B0B9700DCBC77 /* AddPack.swift */,
				A0A8A69A23A97BC000E3AC04 /* AddTrip.swift */,
				A0251D9223EDF376001F5D66 /* AddTemplate.swift */,
			);
			path = addition;
			sourceTree = "<group>";
		};
		A0A8A69923A97B2500E3AC04 /* edit */ = {
			isa = PBXGroup;
			children = (
				A03AB4B6237EF8F900979899 /* EditTrip.swift */,
				A081AB6E23A3ECA6000F391A /* EditItem.swift */,
				A0BE157123E0949E000F8542 /* EditTemplate.swift */,
			);
			path = edit;
			sourceTree = "<group>";
		};
/* End PBXGroup section */

/* Begin PBXNativeTarget section */
		A01FB8BB2331CE48008062A1 /* Trips */ = {
			isa = PBXNativeTarget;
			buildConfigurationList = A01FB8D02331CE4A008062A1 /* Build configuration list for PBXNativeTarget "Trips" */;
			buildPhases = (
				A01FB8B82331CE48008062A1 /* Sources */,
				A01FB8B92331CE48008062A1 /* Frameworks */,
				A01FB8BA2331CE48008062A1 /* Resources */,
			);
			buildRules = (
			);
			dependencies = (
			);
			name = Trips;
			productName = Trips;
			productReference = A01FB8BC2331CE48008062A1 /* Trips.app */;
			productType = "com.apple.product-type.application";
		};
/* End PBXNativeTarget section */

/* Begin PBXProject section */
		A01FB8B42331CE48008062A1 /* Project object */ = {
			isa = PBXProject;
			attributes = {
				LastSwiftUpdateCheck = 1100;
				LastUpgradeCheck = 1100;
				ORGANIZATIONNAME = "Lucas Kellar";
				TargetAttributes = {
					A01FB8BB2331CE48008062A1 = {
						CreatedOnToolsVersion = 11.0;
					};
				};
			};
			buildConfigurationList = A01FB8B72331CE48008062A1 /* Build configuration list for PBXProject "Trips" */;
			compatibilityVersion = "Xcode 9.3";
			developmentRegion = en;
			hasScannedForEncodings = 0;
			knownRegions = (
				en,
				Base,
			);
			mainGroup = A01FB8B32331CE48008062A1;
			productRefGroup = A01FB8BD2331CE48008062A1 /* Products */;
			projectDirPath = "";
			projectRoot = "";
			targets = (
				A01FB8BB2331CE48008062A1 /* Trips */,
			);
		};
/* End PBXProject section */

/* Begin PBXResourcesBuildPhase section */
		A01FB8BA2331CE48008062A1 /* Resources */ = {
			isa = PBXResourcesBuildPhase;
			buildActionMask = 2147483647;
			files = (
				A01FB8CC2331CE4A008062A1 /* LaunchScreen.storyboard in Resources */,
				A01FB8C92331CE4A008062A1 /* Preview Assets.xcassets in Resources */,
				A01FB8C62331CE4A008062A1 /* Assets.xcassets in Resources */,
			);
			runOnlyForDeploymentPostprocessing = 0;
		};
/* End PBXResourcesBuildPhase section */

/* Begin PBXSourcesBuildPhase section */
		A01FB8B82331CE48008062A1 /* Sources */ = {
			isa = PBXSourcesBuildPhase;
			buildActionMask = 2147483647;
			files = (
				A0877C5823326E140006F902 /* TripHomeRow.swift in Sources */,
				A07B6C8F234798FA00578CDC /* Util.swift in Sources */,
				A0762B7223D75BD2007A9E9D /* TemplateDetail.swift in Sources */,
				A03AB4B7237EF8F900979899 /* EditTrip.swift in Sources */,
				A0050B7C23A9346F000B7E59 /* ColorPickerCircle.swift in Sources */,
				A0877C5C233274360006F902 /* TripHome.swift in Sources */,
				A07B6C952347994D00578CDC /* Pack.swift in Sources */,
				A0E7811C233E8579007974CD /* Trips.xcdatamodeld in Sources */,
				A0F756FF237B0B9700DCBC77 /* AddPack.swift in Sources */,
				A024932023BE7A60009AF5EF /* AppView.swift in Sources */,
				A0FE956523C8D8FD007400BC /* PackRectangular.swift in Sources */,
				A0C9210123B0191700A3493E /* TripDateSelector.swift in Sources */,
				A07B6C972347994D00578CDC /* Item.swift in Sources */,
				A0EBA0F7233A5CDD0000837C /* TripDetail.swift in Sources */,
				A0A8A69B23A97BC000E3AC04 /* AddTrip.swift in Sources */,
				A0EC86C423E9C7AB0081DFD5 /* IncludeTemplates.swift in Sources */,
				A0BE157223E0949E000F8542 /* EditTemplate.swift in Sources */,
				A0251D9323EDF376001F5D66 /* AddTemplate.swift in Sources */,
				A0050B7A23A92E54000B7E59 /* ColorPicker.swift in Sources */,
				A01FB8C02331CE48008062A1 /* AppDelegate.swift in Sources */,
				A01F207323C4E50B0028180E /* TemplateHome.swift in Sources */,
				A026AAF5240575AB003414AF /* AddButton.swift in Sources */,
				A0EBEF49234CDF6D0099FEC2 /* AddItem.swift in Sources */,
				A01FB8C22331CE48008062A1 /* SceneDelegate.swift in Sources */,
				A0B61B692343A44500D0D13C /* Trip.swift in Sources */,
				A081AB6F23A3ECA6000F391A /* EditItem.swift in Sources */,
				A04D80E92342BC08004EE95F /* sampleTrips.swift in Sources */,
			);
			runOnlyForDeploymentPostprocessing = 0;
		};
/* End PBXSourcesBuildPhase section */

/* Begin PBXVariantGroup section */
		A01FB8CA2331CE4A008062A1 /* LaunchScreen.storyboard */ = {
			isa = PBXVariantGroup;
			children = (
				A01FB8CB2331CE4A008062A1 /* Base */,
			);
			name = LaunchScreen.storyboard;
			sourceTree = "<group>";
		};
/* End PBXVariantGroup section */

/* Begin XCBuildConfiguration section */
		A01FB8CE2331CE4A008062A1 /* Debug */ = {
			isa = XCBuildConfiguration;
			buildSettings = {
				ALWAYS_SEARCH_USER_PATHS = NO;
				CLANG_ANALYZER_NONNULL = YES;
				CLANG_ANALYZER_NUMBER_OBJECT_CONVERSION = YES_AGGRESSIVE;
				CLANG_CXX_LANGUAGE_STANDARD = "gnu++14";
				CLANG_CXX_LIBRARY = "libc++";
				CLANG_ENABLE_MODULES = YES;
				CLANG_ENABLE_OBJC_ARC = YES;
				CLANG_ENABLE_OBJC_WEAK = YES;
				CLANG_WARN_BLOCK_CAPTURE_AUTORELEASING = YES;
				CLANG_WARN_BOOL_CONVERSION = YES;
				CLANG_WARN_COMMA = YES;
				CLANG_WARN_CONSTANT_CONVERSION = YES;
				CLANG_WARN_DEPRECATED_OBJC_IMPLEMENTATIONS = YES;
				CLANG_WARN_DIRECT_OBJC_ISA_USAGE = YES_ERROR;
				CLANG_WARN_DOCUMENTATION_COMMENTS = YES;
				CLANG_WARN_EMPTY_BODY = YES;
				CLANG_WARN_ENUM_CONVERSION = YES;
				CLANG_WARN_INFINITE_RECURSION = YES;
				CLANG_WARN_INT_CONVERSION = YES;
				CLANG_WARN_NON_LITERAL_NULL_CONVERSION = YES;
				CLANG_WARN_OBJC_IMPLICIT_RETAIN_SELF = YES;
				CLANG_WARN_OBJC_LITERAL_CONVERSION = YES;
				CLANG_WARN_OBJC_ROOT_CLASS = YES_ERROR;
				CLANG_WARN_RANGE_LOOP_ANALYSIS = YES;
				CLANG_WARN_STRICT_PROTOTYPES = YES;
				CLANG_WARN_SUSPICIOUS_MOVE = YES;
				CLANG_WARN_UNGUARDED_AVAILABILITY = YES_AGGRESSIVE;
				CLANG_WARN_UNREACHABLE_CODE = YES;
				CLANG_WARN__DUPLICATE_METHOD_MATCH = YES;
				COPY_PHASE_STRIP = NO;
				DEBUG_INFORMATION_FORMAT = dwarf;
				ENABLE_STRICT_OBJC_MSGSEND = YES;
				ENABLE_TESTABILITY = YES;
				GCC_C_LANGUAGE_STANDARD = gnu11;
				GCC_DYNAMIC_NO_PIC = NO;
				GCC_NO_COMMON_BLOCKS = YES;
				GCC_OPTIMIZATION_LEVEL = 0;
				GCC_PREPROCESSOR_DEFINITIONS = (
					"DEBUG=1",
					"$(inherited)",
				);
				GCC_WARN_64_TO_32_BIT_CONVERSION = YES;
				GCC_WARN_ABOUT_RETURN_TYPE = YES_ERROR;
				GCC_WARN_UNDECLARED_SELECTOR = YES;
				GCC_WARN_UNINITIALIZED_AUTOS = YES_AGGRESSIVE;
				GCC_WARN_UNUSED_FUNCTION = YES;
				GCC_WARN_UNUSED_VARIABLE = YES;
				IPHONEOS_DEPLOYMENT_TARGET = 13.0;
				MTL_ENABLE_DEBUG_INFO = INCLUDE_SOURCE;
				MTL_FAST_MATH = YES;
				ONLY_ACTIVE_ARCH = YES;
				SDKROOT = iphoneos;
				SWIFT_ACTIVE_COMPILATION_CONDITIONS = DEBUG;
				SWIFT_OPTIMIZATION_LEVEL = "-Onone";
			};
			name = Debug;
		};
		A01FB8CF2331CE4A008062A1 /* Release */ = {
			isa = XCBuildConfiguration;
			buildSettings = {
				ALWAYS_SEARCH_USER_PATHS = NO;
				CLANG_ANALYZER_NONNULL = YES;
				CLANG_ANALYZER_NUMBER_OBJECT_CONVERSION = YES_AGGRESSIVE;
				CLANG_CXX_LANGUAGE_STANDARD = "gnu++14";
				CLANG_CXX_LIBRARY = "libc++";
				CLANG_ENABLE_MODULES = YES;
				CLANG_ENABLE_OBJC_ARC = YES;
				CLANG_ENABLE_OBJC_WEAK = YES;
				CLANG_WARN_BLOCK_CAPTURE_AUTORELEASING = YES;
				CLANG_WARN_BOOL_CONVERSION = YES;
				CLANG_WARN_COMMA = YES;
				CLANG_WARN_CONSTANT_CONVERSION = YES;
				CLANG_WARN_DEPRECATED_OBJC_IMPLEMENTATIONS = YES;
				CLANG_WARN_DIRECT_OBJC_ISA_USAGE = YES_ERROR;
				CLANG_WARN_DOCUMENTATION_COMMENTS = YES;
				CLANG_WARN_EMPTY_BODY = YES;
				CLANG_WARN_ENUM_CONVERSION = YES;
				CLANG_WARN_INFINITE_RECURSION = YES;
				CLANG_WARN_INT_CONVERSION = YES;
				CLANG_WARN_NON_LITERAL_NULL_CONVERSION = YES;
				CLANG_WARN_OBJC_IMPLICIT_RETAIN_SELF = YES;
				CLANG_WARN_OBJC_LITERAL_CONVERSION = YES;
				CLANG_WARN_OBJC_ROOT_CLASS = YES_ERROR;
				CLANG_WARN_RANGE_LOOP_ANALYSIS = YES;
				CLANG_WARN_STRICT_PROTOTYPES = YES;
				CLANG_WARN_SUSPICIOUS_MOVE = YES;
				CLANG_WARN_UNGUARDED_AVAILABILITY = YES_AGGRESSIVE;
				CLANG_WARN_UNREACHABLE_CODE = YES;
				CLANG_WARN__DUPLICATE_METHOD_MATCH = YES;
				COPY_PHASE_STRIP = NO;
				DEBUG_INFORMATION_FORMAT = "dwarf-with-dsym";
				ENABLE_NS_ASSERTIONS = NO;
				ENABLE_STRICT_OBJC_MSGSEND = YES;
				GCC_C_LANGUAGE_STANDARD = gnu11;
				GCC_NO_COMMON_BLOCKS = YES;
				GCC_WARN_64_TO_32_BIT_CONVERSION = YES;
				GCC_WARN_ABOUT_RETURN_TYPE = YES_ERROR;
				GCC_WARN_UNDECLARED_SELECTOR = YES;
				GCC_WARN_UNINITIALIZED_AUTOS = YES_AGGRESSIVE;
				GCC_WARN_UNUSED_FUNCTION = YES;
				GCC_WARN_UNUSED_VARIABLE = YES;
				IPHONEOS_DEPLOYMENT_TARGET = 13.0;
				MTL_ENABLE_DEBUG_INFO = NO;
				MTL_FAST_MATH = YES;
				SDKROOT = iphoneos;
				SWIFT_COMPILATION_MODE = wholemodule;
				SWIFT_OPTIMIZATION_LEVEL = "-O";
				VALIDATE_PRODUCT = YES;
			};
			name = Release;
		};
		A01FB8D12331CE4A008062A1 /* Debug */ = {
			isa = XCBuildConfiguration;
			buildSettings = {
				ASSETCATALOG_COMPILER_APPICON_NAME = AppIcon;
				CODE_SIGN_STYLE = Automatic;
				DEAD_CODE_STRIPPING = YES;
				DEVELOPMENT_ASSET_PATHS = "\"Trips/Preview Content\"";
				DEVELOPMENT_TEAM = NW3S65A6Q9;
				ENABLE_PREVIEWS = YES;
				INFOPLIST_FILE = Trips/Info.plist;
				LD_RUNPATH_SEARCH_PATHS = (
					"$(inherited)",
					"@executable_path/Frameworks",
				);
				PRODUCT_BUNDLE_IDENTIFIER = org.lkellar.Trips;
				PRODUCT_NAME = "$(TARGET_NAME)";
				SWIFT_VERSION = 5.0;
				TARGETED_DEVICE_FAMILY = "1,2";
			};
			name = Debug;
		};
		A01FB8D22331CE4A008062A1 /* Release */ = {
			isa = XCBuildConfiguration;
			buildSettings = {
				ASSETCATALOG_COMPILER_APPICON_NAME = AppIcon;
				CODE_SIGN_STYLE = Automatic;
				DEAD_CODE_STRIPPING = YES;
				DEVELOPMENT_ASSET_PATHS = "\"Trips/Preview Content\"";
				DEVELOPMENT_TEAM = NW3S65A6Q9;
				ENABLE_PREVIEWS = YES;
				INFOPLIST_FILE = Trips/Info.plist;
				LD_RUNPATH_SEARCH_PATHS = (
					"$(inherited)",
					"@executable_path/Frameworks",
				);
				PRODUCT_BUNDLE_IDENTIFIER = org.lkellar.Trips;
				PRODUCT_NAME = "$(TARGET_NAME)";
				SWIFT_VERSION = 5.0;
				TARGETED_DEVICE_FAMILY = "1,2";
			};
			name = Release;
		};
/* End XCBuildConfiguration section */

/* Begin XCConfigurationList section */
		A01FB8B72331CE48008062A1 /* Build configuration list for PBXProject "Trips" */ = {
			isa = XCConfigurationList;
			buildConfigurations = (
				A01FB8CE2331CE4A008062A1 /* Debug */,
				A01FB8CF2331CE4A008062A1 /* Release */,
			);
			defaultConfigurationIsVisible = 0;
			defaultConfigurationName = Release;
		};
		A01FB8D02331CE4A008062A1 /* Build configuration list for PBXNativeTarget "Trips" */ = {
			isa = XCConfigurationList;
			buildConfigurations = (
				A01FB8D12331CE4A008062A1 /* Debug */,
				A01FB8D22331CE4A008062A1 /* Release */,
			);
			defaultConfigurationIsVisible = 0;
			defaultConfigurationName = Release;
		};
/* End XCConfigurationList section */

/* Begin XCVersionGroup section */
		A0E7811A233E8579007974CD /* Trips.xcdatamodeld */ = {
			isa = XCVersionGroup;
			children = (
				A0E7811B233E8579007974CD /* Trips.xcdatamodel */,
			);
			currentVersion = A0E7811B233E8579007974CD /* Trips.xcdatamodel */;
			path = Trips.xcdatamodeld;
			sourceTree = "<group>";
			versionGroupType = wrapper.xcdatamodel;
		};
/* End XCVersionGroup section */
	};
	rootObject = A01FB8B42331CE48008062A1 /* Project object */;
}
